
Microsoft Visual Studio Solution File, Format Version 12.00
# Visual Studio 15
VisualStudioVersion = 15.0.26730.12
MinimumVisualStudioVersion = 10.0.40219.1
Project("{FAE04EC0-301F-11D3-BF4B-00C04F79EFBC}") = "Khala.TransientFaultHandling.Tests", "Khala.TransientFaultHandling.Tests\Khala.TransientFaultHandling.Tests.csproj", "{818A1B9F-3237-479C-AE35-219E97BBD8C0}"
EndProject
Project("{FAE04EC0-301F-11D3-BF4B-00C04F79EFBC}") = "Khala.TransientFaultHandling", "Khala.TransientFaultHandling\Khala.TransientFaultHandling.csproj", "{C9471EEB-8098-4D41-848B-5217375D4B1A}"
EndProject
Project("{FAE04EC0-301F-11D3-BF4B-00C04F79EFBC}") = "Khala.TransientFaultHandling.Testing", "Khala.TransientFaultHandling.Testing\Khala.TransientFaultHandling.Testing.csproj", "{A58E0041-95F3-40DA-9511-39F5FBEFB5BF}"
EndProject
Global
	GlobalSection(SolutionConfigurationPlatforms) = preSolution
		Debug|Any CPU = Debug|Any CPU
		Release|Any CPU = Release|Any CPU
	EndGlobalSection
	GlobalSection(ProjectConfigurationPlatforms) = postSolution
		{818A1B9F-3237-479C-AE35-219E97BBD8C0}.Debug|Any CPU.ActiveCfg = Debug|Any CPU
		{818A1B9F-3237-479C-AE35-219E97BBD8C0}.Debug|Any CPU.Build.0 = Debug|Any CPU
		{818A1B9F-3237-479C-AE35-219E97BBD8C0}.Release|Any CPU.ActiveCfg = Release|Any CPU
		{818A1B9F-3237-479C-AE35-219E97BBD8C0}.Release|Any CPU.Build.0 = Release|Any CPU
		{C9471EEB-8098-4D41-848B-5217375D4B1A}.Debug|Any CPU.ActiveCfg = Debug|Any CPU
		{C9471EEB-8098-4D41-848B-5217375D4B1A}.Debug|Any CPU.Build.0 = Debug|Any CPU
		{C9471EEB-8098-4D41-848B-5217375D4B1A}.Release|Any CPU.ActiveCfg = Release|Any CPU
		{C9471EEB-8098-4D41-848B-5217375D4B1A}.Release|Any CPU.Build.0 = Release|Any CPU
		{A58E0041-95F3-40DA-9511-39F5FBEFB5BF}.Debug|Any CPU.ActiveCfg = Debug|Any CPU
		{A58E0041-95F3-40DA-9511-39F5FBEFB5BF}.Debug|Any CPU.Build.0 = Debug|Any CPU
		{A58E0041-95F3-40DA-9511-39F5FBEFB5BF}.Release|Any CPU.ActiveCfg = Release|Any CPU
		{A58E0041-95F3-40DA-9511-39F5FBEFB5BF}.Release|Any CPU.Build.0 = Release|Any CPU
	EndGlobalSection
	GlobalSection(SolutionProperties) = preSolution
		HideSolutionNode = FALSE
	EndGlobalSection
	GlobalSection(ExtensibilityGlobals) = postSolution
		SolutionGuid = {6977C849-7DE9-4DE5-BD67-7951AE1363C6}
	EndGlobalSection
EndGlobal
