
Microsoft Visual Studio Solution File, Format Version 12.00
# Visual Studio 15
VisualStudioVersion = 15.0.26730.10
MinimumVisualStudioVersion = 10.0.40219.1
Project("{FAE04EC0-301F-11D3-BF4B-00C04F79EFBC}") = "Khala.TransientFaultHandling", "Khala.TransientFaultHandling\Khala.TransientFaultHandling.csproj", "{B2AAD428-5B56-465B-95B0-F038DD6C0EBB}"
EndProject
Project("{FAE04EC0-301F-11D3-BF4B-00C04F79EFBC}") = "Khala.TransientFaultHandling.Tests", "Khala.TransientFaultHandling.Tests\Khala.TransientFaultHandling.Tests.csproj", "{818A1B9F-3237-479C-AE35-219E97BBD8C0}"
EndProject
Global
	GlobalSection(SolutionConfigurationPlatforms) = preSolution
		Debug|Any CPU = Debug|Any CPU
		Release|Any CPU = Release|Any CPU
	EndGlobalSection
	GlobalSection(ProjectConfigurationPlatforms) = postSolution
		{B2AAD428-5B56-465B-95B0-F038DD6C0EBB}.Debug|Any CPU.ActiveCfg = Debug|Any CPU
		{B2AAD428-5B56-465B-95B0-F038DD6C0EBB}.Debug|Any CPU.Build.0 = Debug|Any CPU
		{B2AAD428-5B56-465B-95B0-F038DD6C0EBB}.Release|Any CPU.ActiveCfg = Release|Any CPU
		{B2AAD428-5B56-465B-95B0-F038DD6C0EBB}.Release|Any CPU.Build.0 = Release|Any CPU
		{818A1B9F-3237-479C-AE35-219E97BBD8C0}.Debug|Any CPU.ActiveCfg = Debug|Any CPU
		{818A1B9F-3237-479C-AE35-219E97BBD8C0}.Debug|Any CPU.Build.0 = Debug|Any CPU
		{818A1B9F-3237-479C-AE35-219E97BBD8C0}.Release|Any CPU.ActiveCfg = Release|Any CPU
		{818A1B9F-3237-479C-AE35-219E97BBD8C0}.Release|Any CPU.Build.0 = Release|Any CPU
	EndGlobalSection
	GlobalSection(SolutionProperties) = preSolution
		HideSolutionNode = FALSE
	EndGlobalSection
	GlobalSection(ExtensibilityGlobals) = postSolution
		SolutionGuid = {6977C849-7DE9-4DE5-BD67-7951AE1363C6}
	EndGlobalSection
EndGlobal
